
Microsoft Visual Studio Solution File, Format Version 12.00
# Visual Studio 15
Project("{FAE04EC0-301F-11D3-BF4B-00C04F79EFBC}") = "Assembly-CSharp", "Assembly-CSharp.csproj", "{CC9FC811-792F-1387-F8C0-07F409A75344}"
EndProject
Project("{FAE04EC0-301F-11D3-BF4B-00C04F79EFBC}") = "CFXRRuntime", "CFXRRuntime.csproj", "{9CD73C22-004D-5FC8-B4A3-767620917473}"
EndProject
Project("{FAE04EC0-301F-11D3-BF4B-00C04F79EFBC}") = "CFXREditor", "CFXREditor.csproj", "{C1B5087C-D825-B589-FA37-432C3D9B64A1}"
EndProject
Global
	GlobalSection(SolutionConfigurationPlatforms) = preSolution
		Debug|Any CPU = Debug|Any CPU
		Release|Any CPU = Release|Any CPU
	EndGlobalSection
	GlobalSection(ProjectConfigurationPlatforms) = postSolution
		{CC9FC811-792F-1387-F8C0-07F409A75344}.Debug|Any CPU.ActiveCfg = Debug|Any CPU
		{CC9FC811-792F-1387-F8C0-07F409A75344}.Debug|Any CPU.Build.0 = Debug|Any CPU
		{CC9FC811-792F-1387-F8C0-07F409A75344}.Release|Any CPU.ActiveCfg = Release|Any CPU
		{CC9FC811-792F-1387-F8C0-07F409A75344}.Release|Any CPU.Build.0 = Release|Any CPU
		{9CD73C22-004D-5FC8-B4A3-767620917473}.Debug|Any CPU.ActiveCfg = Debug|Any CPU
		{9CD73C22-004D-5FC8-B4A3-767620917473}.Debug|Any CPU.Build.0 = Debug|Any CPU
		{9CD73C22-004D-5FC8-B4A3-767620917473}.Release|Any CPU.ActiveCfg = Release|Any CPU
		{9CD73C22-004D-5FC8-B4A3-767620917473}.Release|Any CPU.Build.0 = Release|Any CPU
		{C1B5087C-D825-B589-FA37-432C3D9B64A1}.Debug|Any CPU.ActiveCfg = Debug|Any CPU
		{C1B5087C-D825-B589-FA37-432C3D9B64A1}.Debug|Any CPU.Build.0 = Debug|Any CPU
		{C1B5087C-D825-B589-FA37-432C3D9B64A1}.Release|Any CPU.ActiveCfg = Release|Any CPU
		{C1B5087C-D825-B589-FA37-432C3D9B64A1}.Release|Any CPU.Build.0 = Release|Any CPU
	EndGlobalSection
	GlobalSection(SolutionProperties) = preSolution
		HideSolutionNode = FALSE
	EndGlobalSection
EndGlobal
